
Microsoft Visual Studio Solution File, Format Version 12.00
# Visual Studio Version 17
VisualStudioVersion = 17.5.002.0
MinimumVisualStudioVersion = 10.0.40219.1
Project("{9A19103F-16F7-4668-BE54-9A1E7A4F7556}") = "proyectoef", "proyectoef.csproj", "{82D386F1-6F35-4A12-BDA1-A440BEDC3339}"
EndProject
Global
	GlobalSection(SolutionConfigurationPlatforms) = preSolution
		Debug|Any CPU = Debug|Any CPU
		Release|Any CPU = Release|Any CPU
	EndGlobalSection
	GlobalSection(ProjectConfigurationPlatforms) = postSolution
		{82D386F1-6F35-4A12-BDA1-A440BEDC3339}.Debug|Any CPU.ActiveCfg = Debug|Any CPU
		{82D386F1-6F35-4A12-BDA1-A440BEDC3339}.Debug|Any CPU.Build.0 = Debug|Any CPU
		{82D386F1-6F35-4A12-BDA1-A440BEDC3339}.Release|Any CPU.ActiveCfg = Release|Any CPU
		{82D386F1-6F35-4A12-BDA1-A440BEDC3339}.Release|Any CPU.Build.0 = Release|Any CPU
	EndGlobalSection
	GlobalSection(SolutionProperties) = preSolution
		HideSolutionNode = FALSE
	EndGlobalSection
	GlobalSection(ExtensibilityGlobals) = postSolution
		SolutionGuid = {889A8FCA-70FD-4815-9ADB-18C43DDAE4C0}
	EndGlobalSection
EndGlobal
